
Microsoft Visual Studio Solution File, Format Version 12.00
# Visual Studio Version 16
VisualStudioVersion = 16.0.30320.27
MinimumVisualStudioVersion = 10.0.40219.1
Project("{FAE04EC0-301F-11D3-BF4B-00C04F79EFBC}") = "FIT5032_W10_Starter", "FIT5032_W10_Starter\FIT5032_W10_Starter.csproj", "{B3541D8B-B061-44B2-9A35-5FB492E85949}"
EndProject
Global
	GlobalSection(SolutionConfigurationPlatforms) = preSolution
		Debug|Any CPU = Debug|Any CPU
		Release|Any CPU = Release|Any CPU
	EndGlobalSection
	GlobalSection(ProjectConfigurationPlatforms) = postSolution
		{B3541D8B-B061-44B2-9A35-5FB492E85949}.Debug|Any CPU.ActiveCfg = Debug|Any CPU
		{B3541D8B-B061-44B2-9A35-5FB492E85949}.Debug|Any CPU.Build.0 = Debug|Any CPU
		{B3541D8B-B061-44B2-9A35-5FB492E85949}.Release|Any CPU.ActiveCfg = Release|Any CPU
		{B3541D8B-B061-44B2-9A35-5FB492E85949}.Release|Any CPU.Build.0 = Release|Any CPU
	EndGlobalSection
	GlobalSection(SolutionProperties) = preSolution
		HideSolutionNode = FALSE
	EndGlobalSection
	GlobalSection(ExtensibilityGlobals) = postSolution
		SolutionGuid = {F4A82037-9226-4ECF-B896-6A2D674AA0E7}
	EndGlobalSection
EndGlobal
